
Microsoft Visual Studio Solution File, Format Version 12.00
# Visual Studio Version 17
VisualStudioVersion = 17.5.002.0
MinimumVisualStudioVersion = 10.0.40219.1
Project("{9A19103F-16F7-4668-BE54-9A1E7A4F7556}") = "tip_donusumleri", "tip_donusumleri.csproj", "{9AA4246D-BBBE-4186-A9EB-E82682CECC6D}"
EndProject
Global
	GlobalSection(SolutionConfigurationPlatforms) = preSolution
		Debug|Any CPU = Debug|Any CPU
		Release|Any CPU = Release|Any CPU
	EndGlobalSection
	GlobalSection(ProjectConfigurationPlatforms) = postSolution
		{9AA4246D-BBBE-4186-A9EB-E82682CECC6D}.Debug|Any CPU.ActiveCfg = Debug|Any CPU
		{9AA4246D-BBBE-4186-A9EB-E82682CECC6D}.Debug|Any CPU.Build.0 = Debug|Any CPU
		{9AA4246D-BBBE-4186-A9EB-E82682CECC6D}.Release|Any CPU.ActiveCfg = Release|Any CPU
		{9AA4246D-BBBE-4186-A9EB-E82682CECC6D}.Release|Any CPU.Build.0 = Release|Any CPU
	EndGlobalSection
	GlobalSection(SolutionProperties) = preSolution
		HideSolutionNode = FALSE
	EndGlobalSection
	GlobalSection(ExtensibilityGlobals) = postSolution
		SolutionGuid = {0AC850EE-9A90-40DE-A2FF-8412C6373D02}
	EndGlobalSection
EndGlobal
